{
  "name": "XRP-practice",
  "lockfileVersion": 3,
  "requires": true,
  "packages": {
    "": {
      "dependencies": {
        "xrpl": "^4.4.2"
      }
    },
    "node_modules/@noble/curves": {
      "version": "1.9.7",
      "resolved": "https://registry.npmjs.org/@noble/curves/-/curves-1.9.7.tgz",
      "integrity": "sha512-gbKGcRUYIjA3/zCCNaWDciTMFI0dCkvou3TL8Zmy5Nc7sJ47a0jtOeZoTaMxkuqRo9cRhjOdZJXegxYE5FN/xw==",
      "dependencies": {
        "@noble/hashes": "1.8.0"
      },
      "engines": {
        "node": "^14.21.3 || >=16"
      },
      "funding": {
        "url": "https://paulmillr.com/funding/"
      }
    },
    "node_modules/@noble/hashes": {
      "version": "1.8.0",
      "resolved": "https://registry.npmjs.org/@noble/hashes/-/hashes-1.8.0.tgz",
      "integrity": "sha512-jCs9ldd7NwzpgXDIf6P3+NrHh9/sD6CQdxHyjQI+h/6rDNo88ypBxxz45UDuZHz9r3tNz7N/VInSVoVdtXEI4A==",
      "engines": {
        "node": "^14.21.3 || >=16"
      },
      "funding": {
        "url": "https://paulmillr.com/funding/"
      }
    },
    "node_modules/@scure/base": {
      "version": "1.2.6",
      "resolved": "https://registry.npmjs.org/@scure/base/-/base-1.2.6.tgz",
      "integrity": "sha512-g/nm5FgUa//MCj1gV09zTJTaM6KBAHqLN907YVQqf7zC49+DcO4B1so4ZX07Ef10Twr6nuqYEH9GEggFXA4Fmg==",
      "funding": {
        "url": "https://paulmillr.com/funding/"
      }
    },
    "node_modules/@scure/bip32": {
      "version": "1.7.0",
      "resolved": "https://registry.npmjs.org/@scure/bip32/-/bip32-1.7.0.tgz",
      "integrity": "sha512-E4FFX/N3f4B80AKWp5dP6ow+flD1LQZo/w8UnLGYZO674jS6YnYeepycOOksv+vLPSpgN35wgKgy+ybfTb2SMw==",
      "dependencies": {
        "@noble/curves": "~1.9.0",
        "@noble/hashes": "~1.8.0",
        "@scure/base": "~1.2.5"
      },
      "funding": {
        "url": "https://paulmillr.com/funding/"
      }
    },
    "node_modules/@scure/bip39": {
      "version": "1.6.0",
      "resolved": "https://registry.npmjs.org/@scure/bip39/-/bip39-1.6.0.tgz",
      "integrity": "sha512-+lF0BbLiJNwVlev4eKelw1WWLaiKXw7sSl8T6FvBlWkdX+94aGJ4o8XjUdlyhTCjd8c+B3KT3JfS8P0bLRNU6A==",
      "dependencies": {
        "@noble/hashes": "~1.8.0",
        "@scure/base": "~1.2.5"
      },
      "funding": {
        "url": "https://paulmillr.com/funding/"
      }
    },
    "node_modules/@xrplf/isomorphic": {
      "version": "1.0.1",
      "resolved": "https://registry.npmjs.org/@xrplf/isomorphic/-/isomorphic-1.0.1.tgz",
      "integrity": "sha512-0bIpgx8PDjYdrLFeC3csF305QQ1L7sxaWnL5y71mCvhenZzJgku9QsA+9QCXBC1eNYtxWO/xR91zrXJy2T/ixg==",
      "dependencies": {
        "@noble/hashes": "^1.0.0",
        "eventemitter3": "5.0.1",
        "ws": "^8.13.0"
      },
      "engines": {
        "node": ">=16.0.0"
      }
    },
    "node_modules/@xrplf/secret-numbers": {
      "version": "2.0.0",
      "resolved": "https://registry.npmjs.org/@xrplf/secret-numbers/-/secret-numbers-2.0.0.tgz",
      "integrity": "sha512-z3AOibRTE9E8MbjgzxqMpG1RNaBhQ1jnfhNCa1cGf2reZUJzPMYs4TggQTc7j8+0WyV3cr7y/U8Oz99SXIkN5Q==",
      "dependencies": {
        "@xrplf/isomorphic": "^1.0.1",
        "ripple-keypairs": "^2.0.0"
      }
    },
    "node_modules/bignumber.js": {
      "version": "9.3.1",
      "resolved": "https://registry.npmjs.org/bignumber.js/-/bignumber.js-9.3.1.tgz",
      "integrity": "sha512-Ko0uX15oIUS7wJ3Rb30Fs6SkVbLmPBAKdlm7q9+ak9bbIeFf0MwuBsQV6z7+X768/cHsfg+WlysDWJcmthjsjQ==",
      "engines": {
        "node": "*"
      }
    },
    "node_modules/eventemitter3": {
      "version": "5.0.1",
      "resolved": "https://registry.npmjs.org/eventemitter3/-/eventemitter3-5.0.1.tgz",
      "integrity": "sha512-GWkBvjiSZK87ELrYOSESUYeVIc9mvLLf/nXalMOS5dYrgZq9o5OVkbZAVM06CVxYsCwH9BDZFPlQTlPA1j4ahA=="
    },
    "node_modules/ripple-address-codec": {
      "version": "5.0.0",
      "resolved": "https://registry.npmjs.org/ripple-address-codec/-/ripple-address-codec-5.0.0.tgz",
      "integrity": "sha512-de7osLRH/pt5HX2xw2TRJtbdLLWHu0RXirpQaEeCnWKY5DYHykh3ETSkofvm0aX0LJiV7kwkegJxQkmbO94gWw==",
      "dependencies": {
        "@scure/base": "^1.1.3",
        "@xrplf/isomorphic": "^1.0.0"
      },
      "engines": {
        "node": ">= 16"
      }
    },
    "node_modules/ripple-binary-codec": {
      "version": "2.5.0",
      "resolved": "https://registry.npmjs.org/ripple-binary-codec/-/ripple-binary-codec-2.5.0.tgz",
      "integrity": "sha512-n2EPs3YRX0/XE6zO8Mav/XFmI1wWmWraCRyCSb0fQ0Fkpv4kJ1tMhQXfX9E/DbLtyXbeogcoxYsQZtAmG8u+Ww==",
      "dependencies": {
        "@xrplf/isomorphic": "^1.0.1",
        "bignumber.js": "^9.0.0",
        "ripple-address-codec": "^5.0.0"
      },
      "engines": {
        "node": ">= 18"
      }
    },
    "node_modules/ripple-keypairs": {
      "version": "2.0.0",
      "resolved": "https://registry.npmjs.org/ripple-keypairs/-/ripple-keypairs-2.0.0.tgz",
      "integrity": "sha512-b5rfL2EZiffmklqZk1W+dvSy97v3V/C7936WxCCgDynaGPp7GE6R2XO7EU9O2LlM/z95rj870IylYnOQs+1Rag==",
      "dependencies": {
        "@noble/curves": "^1.0.0",
        "@xrplf/isomorphic": "^1.0.0",
        "ripple-address-codec": "^5.0.0"
      },
      "engines": {
        "node": ">= 16"
      }
    },
    "node_modules/ws": {
      "version": "8.18.3",
      "resolved": "https://registry.npmjs.org/ws/-/ws-8.18.3.tgz",
      "integrity": "sha512-PEIGCY5tSlUt50cqyMXfCzX+oOPqN0vuGqWzbcJ2xvnkzkq46oOpz7dQaTDBdfICb4N14+GARUDw2XV2N4tvzg==",
      "engines": {
        "node": ">=10.0.0"
      },
      "peerDependencies": {
        "bufferutil": "^4.0.1",
        "utf-8-validate": ">=5.0.2"
      },
      "peerDependenciesMeta": {
        "bufferutil": {
          "optional": true
        },
        "utf-8-validate": {
          "optional": true
        }
      }
    },
    "node_modules/xrpl": {
      "version": "4.4.2",
      "resolved": "https://registry.npmjs.org/xrpl/-/xrpl-4.4.2.tgz",
      "integrity": "sha512-lMQeTBhn7XR7yCsldQLT3al6i6OZgmINkXiqTdVgYOlbml6XrxOGj2bsuT9FVxeBpVjIPtbmGVVTMF+3RpRJ3A==",
      "dependencies": {
        "@scure/bip32": "^1.3.1",
        "@scure/bip39": "^1.2.1",
        "@xrplf/isomorphic": "^1.0.1",
        "@xrplf/secret-numbers": "^2.0.0",
        "bignumber.js": "^9.0.0",
        "eventemitter3": "^5.0.1",
        "ripple-address-codec": "^5.0.0",
        "ripple-binary-codec": "^2.5.0",
        "ripple-keypairs": "^2.0.0"
      },
      "engines": {
        "node": ">=18.0.0"
      }
    }
  }
}
